
Microsoft Visual Studio Solution File, Format Version 12.00
# Visual Studio Version 17
VisualStudioVersion = 17.14.36915.13 d17.14
MinimumVisualStudioVersion = 10.0.40219.1
Project("{FAE04EC0-301F-11D3-BF4B-00C04F79EFBC}") = "A_MVC01", "A_MVC01\A_MVC01.csproj", "{3FA11116-8AB7-4640-AA28-9E6E2391BA0A}"
EndProject
Global
	GlobalSection(SolutionConfigurationPlatforms) = preSolution
		Debug|Any CPU = Debug|Any CPU
		Release|Any CPU = Release|Any CPU
	EndGlobalSection
	GlobalSection(ProjectConfigurationPlatforms) = postSolution
		{3FA11116-8AB7-4640-AA28-9E6E2391BA0A}.Debug|Any CPU.ActiveCfg = Debug|Any CPU
		{3FA11116-8AB7-4640-AA28-9E6E2391BA0A}.Debug|Any CPU.Build.0 = Debug|Any CPU
		{3FA11116-8AB7-4640-AA28-9E6E2391BA0A}.Release|Any CPU.ActiveCfg = Release|Any CPU
		{3FA11116-8AB7-4640-AA28-9E6E2391BA0A}.Release|Any CPU.Build.0 = Release|Any CPU
	EndGlobalSection
	GlobalSection(SolutionProperties) = preSolution
		HideSolutionNode = FALSE
	EndGlobalSection
	GlobalSection(ExtensibilityGlobals) = postSolution
		SolutionGuid = {0DDDCF00-B895-4CA1-990A-420150470B9C}
	EndGlobalSection
EndGlobal
